// !$*UTF8*$!
{
	archiveVersion = 1;
	classes = {
	};
	objectVersion = 50;
	objects = {

/* Begin PBXBuildFile section */
		EC34386D24E5FDA1008C604F /* AppDelegate.swift in Sources */ = {isa = PBXBuildFile; fileRef = EC34386C24E5FDA1008C604F /* AppDelegate.swift */; };
		EC34386F24E5FDA1008C604F /* SceneDelegate.swift in Sources */ = {isa = PBXBuildFile; fileRef = EC34386E24E5FDA1008C604F /* SceneDelegate.swift */; };
		EC34387124E5FDA1008C604F /* ViewController.swift in Sources */ = {isa = PBXBuildFile; fileRef = EC34387024E5FDA1008C604F /* ViewController.swift */; };
		EC34387424E5FDA1008C604F /* Main.storyboard in Resources */ = {isa = PBXBuildFile; fileRef = EC34387224E5FDA1008C604F /* Main.storyboard */; };
		EC34387624E5FDA3008C604F /* Assets.xcassets in Resources */ = {isa = PBXBuildFile; fileRef = EC34387524E5FDA3008C604F /* Assets.xcassets */; };
		EC34387924E5FDA3008C604F /* LaunchScreen.storyboard in Resources */ = {isa = PBXBuildFile; fileRef = EC34387724E5FDA3008C604F /* LaunchScreen.storyboard */; };
/* End PBXBuildFile section */

/* Begin PBXFileReference section */
		EC34386924E5FDA1008C604F /* Rob_Chat.app */ = {isa = PBXFileReference; explicitFileType = wrapper.application; includeInIndex = 0; path = Rob_Chat.app; sourceTree = BUILT_PRODUCTS_DIR; };
		EC34386C24E5FDA1008C604F /* AppDelegate.swift */ = {isa = PBXFileReference; lastKnownFileType = sourcecode.swift; path = AppDelegate.swift; sourceTree = "<group>"; };
		EC34386E24E5FDA1008C604F /* SceneDelegate.swift */ = {isa = PBXFileReference; lastKnownFileType = sourcecode.swift; path = SceneDelegate.swift; sourceTree = "<group>"; };
		EC34387024E5FDA1008C604F /* ViewController.swift */ = {isa = PBXFileReference; lastKnownFileType = sourcecode.swift; path = ViewController.swift; sourceTree = "<group>"; };
		EC34387324E5FDA1008C604F /* Base */ = {isa = PBXFileReference; lastKnownFileType = file.storyboard; name = Base; path = Base.lproj/Main.storyboard; sourceTree = "<group>"; };
		EC34387524E5FDA3008C604F /* Assets.xcassets */ = {isa = PBXFileReference; lastKnownFileType = folder.assetcatalog; path = Assets.xcassets; sourceTree = "<group>"; };
		EC34387824E5FDA3008C604F /* Base */ = {isa = PBXFileReference; lastKnownFileType = file.storyboard; name = Base; path = Base.lproj/LaunchScreen.storyboard; sourceTree = "<group>"; };
		EC34387A24E5FDA3008C604F /* Info.plist */ = {isa = PBXFileReference; lastKnownFileType = text.plist.xml; path = Info.plist; sourceTree = "<group>"; };
/* End PBXFileReference section */

/* Begin PBXFrameworksBuildPhase section */
		EC34386624E5FDA1008C604F /* Frameworks */ = {
			isa = PBXFrameworksBuildPhase;
			buildActionMask = 2147483647;
			files = (
			);
			runOnlyForDeploymentPostprocessing = 0;
		};
/* End PBXFrameworksBuildPhase section */

/* Begin PBXGroup section */
		EC34386024E5FDA1008C604F = {
			isa = PBXGroup;
			children = (
				EC34386B24E5FDA1008C604F /* Rob_Chat */,
				EC34386A24E5FDA1008C604F /* Products */,
			);
			sourceTree = "<group>";
		};
		EC34386A24E5FDA1008C604F /* Products */ = {
			isa = PBXGroup;
			children = (
				EC34386924E5FDA1008C604F /* Rob_Chat.app */,
			);
			name = Products;
			sourceTree = "<group>";
		};
		EC34386B24E5FDA1008C604F /* Rob_Chat */ = {
			isa = PBXGroup;
			children = (
				EC34386C24E5FDA1008C604F /* AppDelegate.swift */,
				EC34386E24E5FDA1008C604F /* SceneDelegate.swift */,
				EC34387024E5FDA1008C604F /* ViewController.swift */,
				EC34387224E5FDA1008C604F /* Main.storyboard */,
				EC34387524E5FDA3008C604F /* Assets.xcassets */,
				EC34387724E5FDA3008C604F /* LaunchScreen.storyboard */,
				EC34387A24E5FDA3008C604F /* Info.plist */,
			);
			path = Rob_Chat;
			sourceTree = "<group>";
		};
/* End PBXGroup section */

/* Begin PBXNativeTarget section */
		EC34386824E5FDA1008C604F /* Rob_Chat */ = {
			isa = PBXNativeTarget;
			buildConfigurationList = EC34387D24E5FDA3008C604F /* Build configuration list for PBXNativeTarget "Rob_Chat" */;
			buildPhases = (
				EC34386524E5FDA1008C604F /* Sources */,
				EC34386624E5FDA1008C604F /* Frameworks */,
				EC34386724E5FDA1008C604F /* Resources */,
			);
			buildRules = (
			);
			dependencies = (
			);
			name = Rob_Chat;
			productName = Rob_Chat;
			productReference = EC34386924E5FDA1008C604F /* Rob_Chat.app */;
			productType = "com.apple.product-type.application";
		};
/* End PBXNativeTarget section */

/* Begin PBXProject section */
		EC34386124E5FDA1008C604F /* Project object */ = {
			isa = PBXProject;
			attributes = {
				LastSwiftUpdateCheck = 1160;
				LastUpgradeCheck = 1160;
				ORGANIZATIONNAME = "Robert O'Brien";
				TargetAttributes = {
					EC34386824E5FDA1008C604F = {
						CreatedOnToolsVersion = 11.6;
					};
				};
			};
			buildConfigurationList = EC34386424E5FDA1008C604F /* Build configuration list for PBXProject "Rob_Chat" */;
			compatibilityVersion = "Xcode 9.3";
			developmentRegion = en;
			hasScannedForEncodings = 0;
			knownRegions = (
				en,
				Base,
			);
			mainGroup = EC34386024E5FDA1008C604F;
			productRefGroup = EC34386A24E5FDA1008C604F /* Products */;
			projectDirPath = "";
			projectRoot = "";
			targets = (
				EC34386824E5FDA1008C604F /* Rob_Chat */,
			);
		};
/* End PBXProject section */

/* Begin PBXResourcesBuildPhase section */
		EC34386724E5FDA1008C604F /* Resources */ = {
			isa = PBXResourcesBuildPhase;
			buildActionMask = 2147483647;
			files = (
				EC34387924E5FDA3008C604F /* LaunchScreen.storyboard in Resources */,
				EC34387624E5FDA3008C604F /* Assets.xcassets in Resources */,
				EC34387424E5FDA1008C604F /* Main.storyboard in Resources */,
			);
			runOnlyForDeploymentPostprocessing = 0;
		};
/* End PBXResourcesBuildPhase section */

/* Begin PBXSourcesBuildPhase section */
		EC34386524E5FDA1008C604F /* Sources */ = {
			isa = PBXSourcesBuildPhase;
			buildActionMask = 2147483647;
			files = (
				EC34387124E5FDA1008C604F /* ViewController.swift in Sources */,
				EC34386D24E5FDA1008C604F /* AppDelegate.swift in Sources */,
				EC34386F24E5FDA1008C604F /* SceneDelegate.swift in Sources */,
			);
			runOnlyForDeploymentPostprocessing = 0;
		};
/* End PBXSourcesBuildPhase section */

/* Begin PBXVariantGroup section */
		EC34387224E5FDA1008C604F /* Main.storyboard */ = {
			isa = PBXVariantGroup;
			children = (
				EC34387324E5FDA1008C604F /* Base */,
			);
			name = Main.storyboard;
			sourceTree = "<group>";
		};
		EC34387724E5FDA3008C604F /* LaunchScreen.storyboard */ = {
			isa = PBXVariantGroup;
			children = (
				EC34387824E5FDA3008C604F /* Base */,
			);
			name = LaunchScreen.storyboard;
			sourceTree = "<group>";
		};
/* End PBXVariantGroup section */

/* Begin XCBuildConfiguration section */
		EC34387B24E5FDA3008C604F /* Debug */ = {
			isa = XCBuildConfiguration;
			buildSettings = {
				ALWAYS_SEARCH_USER_PATHS = NO;
				CLANG_ANALYZER_NONNULL = YES;
				CLANG_ANALYZER_NUMBER_OBJECT_CONVERSION = YES_AGGRESSIVE;
				CLANG_CXX_LANGUAGE_STANDARD = "gnu++14";
				CLANG_CXX_LIBRARY = "libc++";
				CLANG_ENABLE_MODULES = YES;
				CLANG_ENABLE_OBJC_ARC = YES;
				CLANG_ENABLE_OBJC_WEAK = YES;
				CLANG_WARN_BLOCK_CAPTURE_AUTORELEASING = YES;
				CLANG_WARN_BOOL_CONVERSION = YES;
				CLANG_WARN_COMMA = YES;
				CLANG_WARN_CONSTANT_CONVERSION = YES;
				CLANG_WARN_DEPRECATED_OBJC_IMPLEMENTATIONS = YES;
				CLANG_WARN_DIRECT_OBJC_ISA_USAGE = YES_ERROR;
				CLANG_WARN_DOCUMENTATION_COMMENTS = YES;
				CLANG_WARN_EMPTY_BODY = YES;
				CLANG_WARN_ENUM_CONVERSION = YES;
				CLANG_WARN_INFINITE_RECURSION = YES;
				CLANG_WARN_INT_CONVERSION = YES;
				CLANG_WARN_NON_LITERAL_NULL_CONVERSION = YES;
				CLANG_WARN_OBJC_IMPLICIT_RETAIN_SELF = YES;
				CLANG_WARN_OBJC_LITERAL_CONVERSION = YES;
				CLANG_WARN_OBJC_ROOT_CLASS = YES_ERROR;
				CLANG_WARN_RANGE_LOOP_ANALYSIS = YES;
				CLANG_WARN_STRICT_PROTOTYPES = YES;
				CLANG_WARN_SUSPICIOUS_MOVE = YES;
				CLANG_WARN_UNGUARDED_AVAILABILITY = YES_AGGRESSIVE;
				CLANG_WARN_UNREACHABLE_CODE = YES;
				CLANG_WARN__DUPLICATE_METHOD_MATCH = YES;
				COPY_PHASE_STRIP = NO;
				DEBUG_INFORMATION_FORMAT = dwarf;
				ENABLE_STRICT_OBJC_MSGSEND = YES;
				ENABLE_TESTABILITY = YES;
				GCC_C_LANGUAGE_STANDARD = gnu11;
				GCC_DYNAMIC_NO_PIC = NO;
				GCC_NO_COMMON_BLOCKS = YES;
				GCC_OPTIMIZATION_LEVEL = 0;
				GCC_PREPROCESSOR_DEFINITIONS = (
					"DEBUG=1",
					"$(inherited)",
				);
				GCC_WARN_64_TO_32_BIT_CONVERSION = YES;
				GCC_WARN_ABOUT_RETURN_TYPE = YES_ERROR;
				GCC_WARN_UNDECLARED_SELECTOR = YES;
				GCC_WARN_UNINITIALIZED_AUTOS = YES_AGGRESSIVE;
				GCC_WARN_UNUSED_FUNCTION = YES;
				GCC_WARN_UNUSED_VARIABLE = YES;
				IPHONEOS_DEPLOYMENT_TARGET = 13.6;
				MTL_ENABLE_DEBUG_INFO = INCLUDE_SOURCE;
				MTL_FAST_MATH = YES;
				ONLY_ACTIVE_ARCH = YES;
				SDKROOT = iphoneos;
				SWIFT_ACTIVE_COMPILATION_CONDITIONS = DEBUG;
				SWIFT_OPTIMIZATION_LEVEL = "-Onone";
			};
			name = Debug;
		};
		EC34387C24E5FDA3008C604F /* Release */ = {
			isa = XCBuildConfiguration;
			buildSettings = {
				ALWAYS_SEARCH_USER_PATHS = NO;
				CLANG_ANALYZER_NONNULL = YES;
				CLANG_ANALYZER_NUMBER_OBJECT_CONVERSION = YES_AGGRESSIVE;
				CLANG_CXX_LANGUAGE_STANDARD = "gnu++14";
				CLANG_CXX_LIBRARY = "libc++";
				CLANG_ENABLE_MODULES = YES;
				CLANG_ENABLE_OBJC_ARC = YES;
				CLANG_ENABLE_OBJC_WEAK = YES;
				CLANG_WARN_BLOCK_CAPTURE_AUTORELEASING = YES;
				CLANG_WARN_BOOL_CONVERSION = YES;
				CLANG_WARN_COMMA = YES;
				CLANG_WARN_CONSTANT_CONVERSION = YES;
				CLANG_WARN_DEPRECATED_OBJC_IMPLEMENTATIONS = YES;
				CLANG_WARN_DIRECT_OBJC_ISA_USAGE = YES_ERROR;
				CLANG_WARN_DOCUMENTATION_COMMENTS = YES;
				CLANG_WARN_EMPTY_BODY = YES;
				CLANG_WARN_ENUM_CONVERSION = YES;
				CLANG_WARN_INFINITE_RECURSION = YES;
				CLANG_WARN_INT_CONVERSION = YES;
				CLANG_WARN_NON_LITERAL_NULL_CONVERSION = YES;
				CLANG_WARN_OBJC_IMPLICIT_RETAIN_SELF = YES;
				CLANG_WARN_OBJC_LITERAL_CONVERSION = YES;
				CLANG_WARN_OBJC_ROOT_CLASS = YES_ERROR;
				CLANG_WARN_RANGE_LOOP_ANALYSIS = YES;
				CLANG_WARN_STRICT_PROTOTYPES = YES;
				CLANG_WARN_SUSPICIOUS_MOVE = YES;
				CLANG_WARN_UNGUARDED_AVAILABILITY = YES_AGGRESSIVE;
				CLANG_WARN_UNREACHABLE_CODE = YES;
				CLANG_WARN__DUPLICATE_METHOD_MATCH = YES;
				COPY_PHASE_STRIP = NO;
				DEBUG_INFORMATION_FORMAT = "dwarf-with-dsym";
				ENABLE_NS_ASSERTIONS = NO;
				ENABLE_STRICT_OBJC_MSGSEND = YES;
				GCC_C_LANGUAGE_STANDARD = gnu11;
				GCC_NO_COMMON_BLOCKS = YES;
				GCC_WARN_64_TO_32_BIT_CONVERSION = YES;
				GCC_WARN_ABOUT_RETURN_TYPE = YES_ERROR;
				GCC_WARN_UNDECLARED_SELECTOR = YES;
				GCC_WARN_UNINITIALIZED_AUTOS = YES_AGGRESSIVE;
				GCC_WARN_UNUSED_FUNCTION = YES;
				GCC_WARN_UNUSED_VARIABLE = YES;
				IPHONEOS_DEPLOYMENT_TARGET = 13.6;
				MTL_ENABLE_DEBUG_INFO = NO;
				MTL_FAST_MATH = YES;
				SDKROOT = iphoneos;
				SWIFT_COMPILATION_MODE = wholemodule;
				SWIFT_OPTIMIZATION_LEVEL = "-O";
				VALIDATE_PRODUCT = YES;
			};
			name = Release;
		};
		EC34387E24E5FDA3008C604F /* Debug */ = {
			isa = XCBuildConfiguration;
			buildSettings = {
				ASSETCATALOG_COMPILER_APPICON_NAME = AppIcon;
				CODE_SIGN_STYLE = Automatic;
				INFOPLIST_FILE = Rob_Chat/Info.plist;
				LD_RUNPATH_SEARCH_PATHS = (
					"$(inherited)",
					"@executable_path/Frameworks",
				);
				PRODUCT_BUNDLE_IDENTIFIER = "BIG-BOB.Rob-Chat";
				PRODUCT_NAME = "$(TARGET_NAME)";
				SWIFT_VERSION = 5.0;
				TARGETED_DEVICE_FAMILY = "1,2";
			};
			name = Debug;
		};
		EC34387F24E5FDA3008C604F /* Release */ = {
			isa = XCBuildConfiguration;
			buildSettings = {
				ASSETCATALOG_COMPILER_APPICON_NAME = AppIcon;
				CODE_SIGN_STYLE = Automatic;
				INFOPLIST_FILE = Rob_Chat/Info.plist;
				LD_RUNPATH_SEARCH_PATHS = (
					"$(inherited)",
					"@executable_path/Frameworks",
				);
				PRODUCT_BUNDLE_IDENTIFIER = "BIG-BOB.Rob-Chat";
				PRODUCT_NAME = "$(TARGET_NAME)";
				SWIFT_VERSION = 5.0;
				TARGETED_DEVICE_FAMILY = "1,2";
			};
			name = Release;
		};
/* End XCBuildConfiguration section */

/* Begin XCConfigurationList section */
		EC34386424E5FDA1008C604F /* Build configuration list for PBXProject "Rob_Chat" */ = {
			isa = XCConfigurationList;
			buildConfigurations = (
				EC34387B24E5FDA3008C604F /* Debug */,
				EC34387C24E5FDA3008C604F /* Release */,
			);
			defaultConfigurationIsVisible = 0;
			defaultConfigurationName = Release;
		};
		EC34387D24E5FDA3008C604F /* Build configuration list for PBXNativeTarget "Rob_Chat" */ = {
			isa = XCConfigurationList;
			buildConfigurations = (
				EC34387E24E5FDA3008C604F /* Debug */,
				EC34387F24E5FDA3008C604F /* Release */,
			);
			defaultConfigurationIsVisible = 0;
			defaultConfigurationName = Release;
		};
/* End XCConfigurationList section */
	};
	rootObject = EC34386124E5FDA1008C604F /* Project object */;
}
